
Microsoft Visual Studio Solution File, Format Version 12.00
# Visual Studio Version 17
VisualStudioVersion = 17.4.32804.182
MinimumVisualStudioVersion = 10.0.40219.1
Project("{9A19103F-16F7-4668-BE54-9A1E7A4F7556}") = "PanDocConverter", "Pandocconverter\PanDocConverter.csproj", "{E3C7E0AB-642E-4B0F-AC01-2F5CC9CC547A}"
EndProject
Project("{9A19103F-16F7-4668-BE54-9A1E7A4F7556}") = "PanDocConverterTool", "PanDocConverterTool\PanDocConverterTool.csproj", "{8BF78D7A-6907-4442-BECD-7F56DC8FC925}"
EndProject
Global
	GlobalSection(SolutionConfigurationPlatforms) = preSolution
		Debug|Any CPU = Debug|Any CPU
		Release|Any CPU = Release|Any CPU
	EndGlobalSection
	GlobalSection(ProjectConfigurationPlatforms) = postSolution
		{E3C7E0AB-642E-4B0F-AC01-2F5CC9CC547A}.Debug|Any CPU.ActiveCfg = Debug|Any CPU
		{E3C7E0AB-642E-4B0F-AC01-2F5CC9CC547A}.Debug|Any CPU.Build.0 = Debug|Any CPU
		{E3C7E0AB-642E-4B0F-AC01-2F5CC9CC547A}.Release|Any CPU.ActiveCfg = Release|Any CPU
		{E3C7E0AB-642E-4B0F-AC01-2F5CC9CC547A}.Release|Any CPU.Build.0 = Release|Any CPU
		{8BF78D7A-6907-4442-BECD-7F56DC8FC925}.Debug|Any CPU.ActiveCfg = Debug|Any CPU
		{8BF78D7A-6907-4442-BECD-7F56DC8FC925}.Debug|Any CPU.Build.0 = Debug|Any CPU
		{8BF78D7A-6907-4442-BECD-7F56DC8FC925}.Release|Any CPU.ActiveCfg = Release|Any CPU
		{8BF78D7A-6907-4442-BECD-7F56DC8FC925}.Release|Any CPU.Build.0 = Release|Any CPU
	EndGlobalSection
	GlobalSection(SolutionProperties) = preSolution
		HideSolutionNode = FALSE
	EndGlobalSection
	GlobalSection(ExtensibilityGlobals) = postSolution
		SolutionGuid = {5375C999-E3CC-4502-A72D-B7F279B8787F}
	EndGlobalSection
EndGlobal
